{
  "name": "makimalab",
  "version": "1.0.0",
  "lockfileVersion": 2,
  "requires": true,
  "packages": {
    "": {
      "name": "makimalab",
      "version": "1.0.0",
      "license": "ISC",
      "dependencies": {
        "ccxt": "^3.1.16"
      }
    },
    "node_modules/ccxt": {
      "version": "3.1.16",
      "resolved": "https://registry.npmjs.org/ccxt/-/ccxt-3.1.16.tgz",
      "integrity": "sha512-WDS8IxODuIhWyOlD8TxdzbveBklAIUHEtudfopfSAUOw7mhwQ3swOQpo/UTahYrF7pTupppdYKZ5ITUaTGJsyQ==",
      "hasInstallScript": true,
      "dependencies": {
        "ws": "^8.8.1"
      },
      "engines": {
        "node": ">=15.0.0"
      }
    },
    "node_modules/ws": {
      "version": "8.13.0",
      "resolved": "https://registry.npmjs.org/ws/-/ws-8.13.0.tgz",
      "integrity": "sha512-x9vcZYTrFPC7aSIbj7sRCYo7L/Xb8Iy+pW0ng0wt2vCJv7M9HOMy0UoN3rr+IFC7hb7vXoqS+P9ktyLLLhO+LA==",
      "engines": {
        "node": ">=10.0.0"
      },
      "peerDependencies": {
        "bufferutil": "^4.0.1",
        "utf-8-validate": ">=5.0.2"
      },
      "peerDependenciesMeta": {
        "bufferutil": {
          "optional": true
        },
        "utf-8-validate": {
          "optional": true
        }
      }
    }
  },
  "dependencies": {
    "ccxt": {
      "version": "3.1.16",
      "resolved": "https://registry.npmjs.org/ccxt/-/ccxt-3.1.16.tgz",
      "integrity": "sha512-WDS8IxODuIhWyOlD8TxdzbveBklAIUHEtudfopfSAUOw7mhwQ3swOQpo/UTahYrF7pTupppdYKZ5ITUaTGJsyQ==",
      "requires": {
        "ws": "^8.8.1"
      }
    },
    "ws": {
      "version": "8.13.0",
      "resolved": "https://registry.npmjs.org/ws/-/ws-8.13.0.tgz",
      "integrity": "sha512-x9vcZYTrFPC7aSIbj7sRCYo7L/Xb8Iy+pW0ng0wt2vCJv7M9HOMy0UoN3rr+IFC7hb7vXoqS+P9ktyLLLhO+LA==",
      "requires": {}
    }
  }
}
